PODS:
  - NMapsGeometry (1.0.2)
  - NMapsMap (3.23.3):
    - NMapsGeometry
  - shared (1.0.0):
    - NMapsMap (= 3.23.3)

DEPENDENCIES:
  - shared (from `../shared`)

SPEC REPOS:
  trunk:
    - NMapsGeometry
    - NMapsMap

EXTERNAL SOURCES:
  shared:
    :path: "../shared"

SPEC CHECKSUMS:
  NMapsGeometry: 4e02554fa9880ef02ed96b075dc84355d6352479
  NMapsMap: 7d479b7b7141b1559b77c72c2553117ecd933d84
  shared: bea7a8d46972d72bb86b72888bc3bc9c0e8c0373

PODFILE CHECKSUM: eac1601f6b7ccf8f45e3ef5a9901f92684168939

COCOAPODS: 1.16.2
